
Microsoft Visual Studio Solution File, Format Version 12.00
# Visual Studio Version 16
VisualStudioVersion = 16.0.31624.102
MinimumVisualStudioVersion = 10.0.40219.1
Project("{FAE04EC0-301F-11D3-BF4B-00C04F79EFBC}") = "UYGULAMA14", "UYGULAMA14\UYGULAMA14.csproj", "{76D93EF5-9EEA-45BE-9A68-80653C85897C}"
EndProject
Global
	GlobalSection(SolutionConfigurationPlatforms) = preSolution
		Debug|Any CPU = Debug|Any CPU
		Release|Any CPU = Release|Any CPU
	EndGlobalSection
	GlobalSection(ProjectConfigurationPlatforms) = postSolution
		{76D93EF5-9EEA-45BE-9A68-80653C85897C}.Debug|Any CPU.ActiveCfg = Debug|Any CPU
		{76D93EF5-9EEA-45BE-9A68-80653C85897C}.Debug|Any CPU.Build.0 = Debug|Any CPU
		{76D93EF5-9EEA-45BE-9A68-80653C85897C}.Release|Any CPU.ActiveCfg = Release|Any CPU
		{76D93EF5-9EEA-45BE-9A68-80653C85897C}.Release|Any CPU.Build.0 = Release|Any CPU
	EndGlobalSection
	GlobalSection(SolutionProperties) = preSolution
		HideSolutionNode = FALSE
	EndGlobalSection
	GlobalSection(ExtensibilityGlobals) = postSolution
		SolutionGuid = {6984C636-D5D2-48F8-B90D-B1F60CC8E6F2}
	EndGlobalSection
EndGlobal
