
Microsoft Visual Studio Solution File, Format Version 12.00
# Visual Studio Version 16
VisualStudioVersion = 16.0.31624.102
MinimumVisualStudioVersion = 10.0.40219.1
Project("{FAE04EC0-301F-11D3-BF4B-00C04F79EFBC}") = "UYGULAMA13", "UYGULAMA13\UYGULAMA13.csproj", "{7E247CE3-16C9-4F60-ACBB-E40946DEDF6D}"
EndProject
Global
	GlobalSection(SolutionConfigurationPlatforms) = preSolution
		Debug|Any CPU = Debug|Any CPU
		Release|Any CPU = Release|Any CPU
	EndGlobalSection
	GlobalSection(ProjectConfigurationPlatforms) = postSolution
		{7E247CE3-16C9-4F60-ACBB-E40946DEDF6D}.Debug|Any CPU.ActiveCfg = Debug|Any CPU
		{7E247CE3-16C9-4F60-ACBB-E40946DEDF6D}.Debug|Any CPU.Build.0 = Debug|Any CPU
		{7E247CE3-16C9-4F60-ACBB-E40946DEDF6D}.Release|Any CPU.ActiveCfg = Release|Any CPU
		{7E247CE3-16C9-4F60-ACBB-E40946DEDF6D}.Release|Any CPU.Build.0 = Release|Any CPU
	EndGlobalSection
	GlobalSection(SolutionProperties) = preSolution
		HideSolutionNode = FALSE
	EndGlobalSection
	GlobalSection(ExtensibilityGlobals) = postSolution
		SolutionGuid = {F014D07F-FFB1-437B-A0EB-6ACF9EFB9022}
	EndGlobalSection
EndGlobal
